
Microsoft Visual Studio Solution File, Format Version 12.00
# Visual Studio Version 16
VisualStudioVersion = 16.0.32002.261
MinimumVisualStudioVersion = 10.0.40219.1
Project("{FAE04EC0-301F-11D3-BF4B-00C04F79EFBC}") = "fammgmt", "fammgmt.csproj", "{DB5E7DB3-8AC7-407C-A623-287FB1B96EC6}"
EndProject
Global
	GlobalSection(SolutionConfigurationPlatforms) = preSolution
		Debug|Any CPU = Debug|Any CPU
		Release|Any CPU = Release|Any CPU
	EndGlobalSection
	GlobalSection(ProjectConfigurationPlatforms) = postSolution
		{DB5E7DB3-8AC7-407C-A623-287FB1B96EC6}.Debug|Any CPU.ActiveCfg = Debug|Any CPU
		{DB5E7DB3-8AC7-407C-A623-287FB1B96EC6}.Debug|Any CPU.Build.0 = Debug|Any CPU
		{DB5E7DB3-8AC7-407C-A623-287FB1B96EC6}.Release|Any CPU.ActiveCfg = Release|Any CPU
		{DB5E7DB3-8AC7-407C-A623-287FB1B96EC6}.Release|Any CPU.Build.0 = Release|Any CPU
	EndGlobalSection
	GlobalSection(SolutionProperties) = preSolution
		HideSolutionNode = FALSE
	EndGlobalSection
	GlobalSection(ExtensibilityGlobals) = postSolution
		SolutionGuid = {7796FFD8-1899-4947-B565-152354A6D3C5}
	EndGlobalSection
EndGlobal
